
Microsoft Visual Studio Solution File, Format Version 12.00
# Visual Studio 15
VisualStudioVersion = 15.0.28010.0
MinimumVisualStudioVersion = 10.0.40219.1
Project("{FAE04EC0-301F-11D3-BF4B-00C04F79EFBC}") = "ViewmodelFirstNavigation.Android", "ViewmodelFirstNavigation.Android\ViewmodelFirstNavigation.Android.csproj", "{2BE095CD-9A38-451E-8D36-3FD6E9B32B61}"
EndProject
Project("{FAE04EC0-301F-11D3-BF4B-00C04F79EFBC}") = "ViewmodelFirstNavigation.iOS", "ViewmodelFirstNavigation.iOS\ViewmodelFirstNavigation.iOS.csproj", "{D75586DB-C234-4A3A-9AC3-566DA81F7416}"
EndProject
Project("{FAE04EC0-301F-11D3-BF4B-00C04F79EFBC}") = "ViewmodelFirstNavigation", "ViewmodelFirstNavigation\ViewmodelFirstNavigation.csproj", "{493D51C8-7513-4AA2-872C-3080718E305A}"
EndProject
Global
	GlobalSection(SolutionConfigurationPlatforms) = preSolution
		Ad-Hoc|Any CPU = Ad-Hoc|Any CPU
		Ad-Hoc|iPhone = Ad-Hoc|iPhone
		Ad-Hoc|iPhoneSimulator = Ad-Hoc|iPhoneSimulator
		AppStore|Any CPU = AppStore|Any CPU
		AppStore|iPhone = AppStore|iPhone
		AppStore|iPhoneSimulator = AppStore|iPhoneSimulator
		Debug|Any CPU = Debug|Any CPU
		Debug|iPhone = Debug|iPhone
		Debug|iPhoneSimulator = Debug|iPhoneSimulator
		Release|Any CPU = Release|Any CPU
		Release|iPhone = Release|iPhone
		Release|iPhoneSimulator = Release|iPhoneSimulator
	EndGlobalSection
	GlobalSection(ProjectConfigurationPlatforms) = postSolution
		{2BE095CD-9A38-451E-8D36-3FD6E9B32B61}.Ad-Hoc|Any CPU.ActiveCfg = Release|Any CPU
		{2BE095CD-9A38-451E-8D36-3FD6E9B32B61}.Ad-Hoc|Any CPU.Build.0 = Release|Any CPU
		{2BE095CD-9A38-451E-8D36-3FD6E9B32B61}.Ad-Hoc|Any CPU.Deploy.0 = Release|Any CPU
		{2BE095CD-9A38-451E-8D36-3FD6E9B32B61}.Ad-Hoc|iPhone.ActiveCfg = Release|Any CPU
		{2BE095CD-9A38-451E-8D36-3FD6E9B32B61}.Ad-Hoc|iPhone.Build.0 = Release|Any CPU
		{2BE095CD-9A38-451E-8D36-3FD6E9B32B61}.Ad-Hoc|iPhone.Deploy.0 = Release|Any CPU
		{2BE095CD-9A38-451E-8D36-3FD6E9B32B61}.Ad-Hoc|iPhoneSimulator.ActiveCfg = Release|Any CPU
		{2BE095CD-9A38-451E-8D36-3FD6E9B32B61}.Ad-Hoc|iPhoneSimulator.Build.0 = Release|Any CPU
		{2BE095CD-9A38-451E-8D36-3FD6E9B32B61}.Ad-Hoc|iPhoneSimulator.Deploy.0 = Release|Any CPU
		{2BE095CD-9A38-451E-8D36-3FD6E9B32B61}.AppStore|Any CPU.ActiveCfg = Release|Any CPU
		{2BE095CD-9A38-451E-8D36-3FD6E9B32B61}.AppStore|Any CPU.Build.0 = Release|Any CPU
		{2BE095CD-9A38-451E-8D36-3FD6E9B32B61}.AppStore|Any CPU.Deploy.0 = Release|Any CPU
		{2BE095CD-9A38-451E-8D36-3FD6E9B32B61}.AppStore|iPhone.ActiveCfg = Release|Any CPU
		{2BE095CD-9A38-451E-8D36-3FD6E9B32B61}.AppStore|iPhone.Build.0 = Release|Any CPU
		{2BE095CD-9A38-451E-8D36-3FD6E9B32B61}.AppStore|iPhone.Deploy.0 = Release|Any CPU
		{2BE095CD-9A38-451E-8D36-3FD6E9B32B61}.AppStore|iPhoneSimulator.ActiveCfg = Release|Any CPU
		{2BE095CD-9A38-451E-8D36-3FD6E9B32B61}.AppStore|iPhoneSimulator.Build.0 = Release|Any CPU
		{2BE095CD-9A38-451E-8D36-3FD6E9B32B61}.AppStore|iPhoneSimulator.Deploy.0 = Release|Any CPU
		{2BE095CD-9A38-451E-8D36-3FD6E9B32B61}.Debug|Any CPU.ActiveCfg = Debug|Any CPU
		{2BE095CD-9A38-451E-8D36-3FD6E9B32B61}.Debug|Any CPU.Build.0 = Debug|Any CPU
		{2BE095CD-9A38-451E-8D36-3FD6E9B32B61}.Debug|Any CPU.Deploy.0 = Debug|Any CPU
		{2BE095CD-9A38-451E-8D36-3FD6E9B32B61}.Debug|iPhone.ActiveCfg = Debug|Any CPU
		{2BE095CD-9A38-451E-8D36-3FD6E9B32B61}.Debug|iPhone.Build.0 = Debug|Any CPU
		{2BE095CD-9A38-451E-8D36-3FD6E9B32B61}.Debug|iPhone.Deploy.0 = Debug|Any CPU
		{2BE095CD-9A38-451E-8D36-3FD6E9B32B61}.Debug|iPhoneSimulator.ActiveCfg = Debug|Any CPU
		{2BE095CD-9A38-451E-8D36-3FD6E9B32B61}.Debug|iPhoneSimulator.Build.0 = Debug|Any CPU
		{2BE095CD-9A38-451E-8D36-3FD6E9B32B61}.Debug|iPhoneSimulator.Deploy.0 = Debug|Any CPU
		{2BE095CD-9A38-451E-8D36-3FD6E9B32B61}.Release|Any CPU.ActiveCfg = Release|Any CPU
		{2BE095CD-9A38-451E-8D36-3FD6E9B32B61}.Release|Any CPU.Build.0 = Release|Any CPU
		{2BE095CD-9A38-451E-8D36-3FD6E9B32B61}.Release|Any CPU.Deploy.0 = Release|Any CPU
		{2BE095CD-9A38-451E-8D36-3FD6E9B32B61}.Release|iPhone.ActiveCfg = Release|Any CPU
		{2BE095CD-9A38-451E-8D36-3FD6E9B32B61}.Release|iPhone.Build.0 = Release|Any CPU
		{2BE095CD-9A38-451E-8D36-3FD6E9B32B61}.Release|iPhone.Deploy.0 = Release|Any CPU
		{2BE095CD-9A38-451E-8D36-3FD6E9B32B61}.Release|iPhoneSimulator.ActiveCfg = Release|Any CPU
		{2BE095CD-9A38-451E-8D36-3FD6E9B32B61}.Release|iPhoneSimulator.Build.0 = Release|Any CPU
		{2BE095CD-9A38-451E-8D36-3FD6E9B32B61}.Release|iPhoneSimulator.Deploy.0 = Release|Any CPU
		{D75586DB-C234-4A3A-9AC3-566DA81F7416}.Ad-Hoc|Any CPU.ActiveCfg = Ad-Hoc|iPhone
		{D75586DB-C234-4A3A-9AC3-566DA81F7416}.Ad-Hoc|Any CPU.Build.0 = Ad-Hoc|iPhone
		{D75586DB-C234-4A3A-9AC3-566DA81F7416}.Ad-Hoc|Any CPU.Deploy.0 = Ad-Hoc|iPhone
		{D75586DB-C234-4A3A-9AC3-566DA81F7416}.Ad-Hoc|iPhone.ActiveCfg = Ad-Hoc|iPhone
		{D75586DB-C234-4A3A-9AC3-566DA81F7416}.Ad-Hoc|iPhone.Build.0 = Ad-Hoc|iPhone
		{D75586DB-C234-4A3A-9AC3-566DA81F7416}.Ad-Hoc|iPhone.Deploy.0 = Ad-Hoc|iPhone
		{D75586DB-C234-4A3A-9AC3-566DA81F7416}.Ad-Hoc|iPhoneSimulator.ActiveCfg = Ad-Hoc|iPhoneSimulator
		{D75586DB-C234-4A3A-9AC3-566DA81F7416}.Ad-Hoc|iPhoneSimulator.Build.0 = Ad-Hoc|iPhoneSimulator
		{D75586DB-C234-4A3A-9AC3-566DA81F7416}.Ad-Hoc|iPhoneSimulator.Deploy.0 = Ad-Hoc|iPhoneSimulator
		{D75586DB-C234-4A3A-9AC3-566DA81F7416}.AppStore|Any CPU.ActiveCfg = AppStore|iPhone
		{D75586DB-C234-4A3A-9AC3-566DA81F7416}.AppStore|Any CPU.Build.0 = AppStore|iPhone
		{D75586DB-C234-4A3A-9AC3-566DA81F7416}.AppStore|Any CPU.Deploy.0 = AppStore|iPhone
		{D75586DB-C234-4A3A-9AC3-566DA81F7416}.AppStore|iPhone.ActiveCfg = AppStore|iPhone
		{D75586DB-C234-4A3A-9AC3-566DA81F7416}.AppStore|iPhone.Build.0 = AppStore|iPhone
		{D75586DB-C234-4A3A-9AC3-566DA81F7416}.AppStore|iPhone.Deploy.0 = AppStore|iPhone
		{D75586DB-C234-4A3A-9AC3-566DA81F7416}.AppStore|iPhoneSimulator.ActiveCfg = AppStore|iPhoneSimulator
		{D75586DB-C234-4A3A-9AC3-566DA81F7416}.AppStore|iPhoneSimulator.Build.0 = AppStore|iPhoneSimulator
		{D75586DB-C234-4A3A-9AC3-566DA81F7416}.AppStore|iPhoneSimulator.Deploy.0 = AppStore|iPhoneSimulator
		{D75586DB-C234-4A3A-9AC3-566DA81F7416}.Debug|Any CPU.ActiveCfg = Debug|iPhoneSimulator
		{D75586DB-C234-4A3A-9AC3-566DA81F7416}.Debug|Any CPU.Build.0 = Debug|iPhoneSimulator
		{D75586DB-C234-4A3A-9AC3-566DA81F7416}.Debug|Any CPU.Deploy.0 = Debug|iPhoneSimulator
		{D75586DB-C234-4A3A-9AC3-566DA81F7416}.Debug|iPhone.ActiveCfg = Debug|iPhone
		{D75586DB-C234-4A3A-9AC3-566DA81F7416}.Debug|iPhone.Build.0 = Debug|iPhone
		{D75586DB-C234-4A3A-9AC3-566DA81F7416}.Debug|iPhone.Deploy.0 = Debug|iPhone
		{D75586DB-C234-4A3A-9AC3-566DA81F7416}.Debug|iPhoneSimulator.ActiveCfg = Debug|iPhoneSimulator
		{D75586DB-C234-4A3A-9AC3-566DA81F7416}.Debug|iPhoneSimulator.Build.0 = Debug|iPhoneSimulator
		{D75586DB-C234-4A3A-9AC3-566DA81F7416}.Debug|iPhoneSimulator.Deploy.0 = Debug|iPhoneSimulator
		{D75586DB-C234-4A3A-9AC3-566DA81F7416}.Release|Any CPU.ActiveCfg = Release|iPhone
		{D75586DB-C234-4A3A-9AC3-566DA81F7416}.Release|Any CPU.Build.0 = Release|iPhone
		{D75586DB-C234-4A3A-9AC3-566DA81F7416}.Release|Any CPU.Deploy.0 = Release|iPhone
		{D75586DB-C234-4A3A-9AC3-566DA81F7416}.Release|iPhone.ActiveCfg = Release|iPhone
		{D75586DB-C234-4A3A-9AC3-566DA81F7416}.Release|iPhone.Build.0 = Release|iPhone
		{D75586DB-C234-4A3A-9AC3-566DA81F7416}.Release|iPhone.Deploy.0 = Release|iPhone
		{D75586DB-C234-4A3A-9AC3-566DA81F7416}.Release|iPhoneSimulator.ActiveCfg = Release|iPhoneSimulator
		{D75586DB-C234-4A3A-9AC3-566DA81F7416}.Release|iPhoneSimulator.Build.0 = Release|iPhoneSimulator
		{D75586DB-C234-4A3A-9AC3-566DA81F7416}.Release|iPhoneSimulator.Deploy.0 = Release|iPhoneSimulator
		{493D51C8-7513-4AA2-872C-3080718E305A}.Ad-Hoc|Any CPU.ActiveCfg = Debug|Any CPU
		{493D51C8-7513-4AA2-872C-3080718E305A}.Ad-Hoc|Any CPU.Build.0 = Debug|Any CPU
		{493D51C8-7513-4AA2-872C-3080718E305A}.Ad-Hoc|Any CPU.Deploy.0 = Debug|Any CPU
		{493D51C8-7513-4AA2-872C-3080718E305A}.Ad-Hoc|iPhone.ActiveCfg = Debug|Any CPU
		{493D51C8-7513-4AA2-872C-3080718E305A}.Ad-Hoc|iPhone.Build.0 = Debug|Any CPU
		{493D51C8-7513-4AA2-872C-3080718E305A}.Ad-Hoc|iPhone.Deploy.0 = Debug|Any CPU
		{493D51C8-7513-4AA2-872C-3080718E305A}.Ad-Hoc|iPhoneSimulator.ActiveCfg = Debug|Any CPU
		{493D51C8-7513-4AA2-872C-3080718E305A}.Ad-Hoc|iPhoneSimulator.Build.0 = Debug|Any CPU
		{493D51C8-7513-4AA2-872C-3080718E305A}.Ad-Hoc|iPhoneSimulator.Deploy.0 = Debug|Any CPU
		{493D51C8-7513-4AA2-872C-3080718E305A}.AppStore|Any CPU.ActiveCfg = Debug|Any CPU
		{493D51C8-7513-4AA2-872C-3080718E305A}.AppStore|Any CPU.Build.0 = Debug|Any CPU
		{493D51C8-7513-4AA2-872C-3080718E305A}.AppStore|Any CPU.Deploy.0 = Debug|Any CPU
		{493D51C8-7513-4AA2-872C-3080718E305A}.AppStore|iPhone.ActiveCfg = Debug|Any CPU
		{493D51C8-7513-4AA2-872C-3080718E305A}.AppStore|iPhone.Build.0 = Debug|Any CPU
		{493D51C8-7513-4AA2-872C-3080718E305A}.AppStore|iPhone.Deploy.0 = Debug|Any CPU
		{493D51C8-7513-4AA2-872C-3080718E305A}.AppStore|iPhoneSimulator.ActiveCfg = Debug|Any CPU
		{493D51C8-7513-4AA2-872C-3080718E305A}.AppStore|iPhoneSimulator.Build.0 = Debug|Any CPU
		{493D51C8-7513-4AA2-872C-3080718E305A}.AppStore|iPhoneSimulator.Deploy.0 = Debug|Any CPU
		{493D51C8-7513-4AA2-872C-3080718E305A}.Debug|Any CPU.ActiveCfg = Debug|Any CPU
		{493D51C8-7513-4AA2-872C-3080718E305A}.Debug|Any CPU.Build.0 = Debug|Any CPU
		{493D51C8-7513-4AA2-872C-3080718E305A}.Debug|Any CPU.Deploy.0 = Debug|Any CPU
		{493D51C8-7513-4AA2-872C-3080718E305A}.Debug|iPhone.ActiveCfg = Debug|Any CPU
		{493D51C8-7513-4AA2-872C-3080718E305A}.Debug|iPhone.Build.0 = Debug|Any CPU
		{493D51C8-7513-4AA2-872C-3080718E305A}.Debug|iPhone.Deploy.0 = Debug|Any CPU
		{493D51C8-7513-4AA2-872C-3080718E305A}.Debug|iPhoneSimulator.ActiveCfg = Debug|Any CPU
		{493D51C8-7513-4AA2-872C-3080718E305A}.Debug|iPhoneSimulator.Build.0 = Debug|Any CPU
		{493D51C8-7513-4AA2-872C-3080718E305A}.Debug|iPhoneSimulator.Deploy.0 = Debug|Any CPU
		{493D51C8-7513-4AA2-872C-3080718E305A}.Release|Any CPU.ActiveCfg = Release|Any CPU
		{493D51C8-7513-4AA2-872C-3080718E305A}.Release|Any CPU.Build.0 = Release|Any CPU
		{493D51C8-7513-4AA2-872C-3080718E305A}.Release|Any CPU.Deploy.0 = Release|Any CPU
		{493D51C8-7513-4AA2-872C-3080718E305A}.Release|iPhone.ActiveCfg = Release|Any CPU
		{493D51C8-7513-4AA2-872C-3080718E305A}.Release|iPhone.Build.0 = Release|Any CPU
		{493D51C8-7513-4AA2-872C-3080718E305A}.Release|iPhone.Deploy.0 = Release|Any CPU
		{493D51C8-7513-4AA2-872C-3080718E305A}.Release|iPhoneSimulator.ActiveCfg = Release|Any CPU
		{493D51C8-7513-4AA2-872C-3080718E305A}.Release|iPhoneSimulator.Build.0 = Release|Any CPU
		{493D51C8-7513-4AA2-872C-3080718E305A}.Release|iPhoneSimulator.Deploy.0 = Release|Any CPU
	EndGlobalSection
	GlobalSection(SolutionProperties) = preSolution
		HideSolutionNode = FALSE
	EndGlobalSection
	GlobalSection(ExtensibilityGlobals) = postSolution
		SolutionGuid = {6F4D43EF-1280-4003-8C06-2A6B16B893EB}
	EndGlobalSection
EndGlobal
